
Microsoft Visual Studio Solution File, Format Version 12.00
# Visual Studio Version 16
VisualStudioVersion = 16.0.30611.23
MinimumVisualStudioVersion = 10.0.40219.1
Project("{FAE04EC0-301F-11D3-BF4B-00C04F79EFBC}") = "MusicListManagerment", "MusicListManagerment\MusicListManagerment.csproj", "{206D50B1-CD32-44B7-A342-B89E092C3C7F}"
EndProject
Global
	GlobalSection(SolutionConfigurationPlatforms) = preSolution
		Debug|Any CPU = Debug|Any CPU
		Release|Any CPU = Release|Any CPU
	EndGlobalSection
	GlobalSection(ProjectConfigurationPlatforms) = postSolution
		{206D50B1-CD32-44B7-A342-B89E092C3C7F}.Debug|Any CPU.ActiveCfg = Debug|Any CPU
		{206D50B1-CD32-44B7-A342-B89E092C3C7F}.Debug|Any CPU.Build.0 = Debug|Any CPU
		{206D50B1-CD32-44B7-A342-B89E092C3C7F}.Release|Any CPU.ActiveCfg = Release|Any CPU
		{206D50B1-CD32-44B7-A342-B89E092C3C7F}.Release|Any CPU.Build.0 = Release|Any CPU
	EndGlobalSection
	GlobalSection(SolutionProperties) = preSolution
		HideSolutionNode = FALSE
	EndGlobalSection
	GlobalSection(ExtensibilityGlobals) = postSolution
		SolutionGuid = {795C6383-8EA8-48BB-8B45-6019286076D1}
	EndGlobalSection
EndGlobal
